
Microsoft Visual Studio Solution File, Format Version 12.00
# Visual Studio Version 17
VisualStudioVersion = 17.7.34031.279
MinimumVisualStudioVersion = 10.0.40219.1
Project("{FAE04EC0-301F-11D3-BF4B-00C04F79EFBC}") = "while second day", "while second day\while second day.csproj", "{B9454BC2-33C7-4F33-91B3-B2604E412D0C}"
EndProject
Project("{FAE04EC0-301F-11D3-BF4B-00C04F79EFBC}") = "moving house", "moving house\moving house.csproj", "{5015B42D-F804-4CAF-82FC-F797F0732188}"
EndProject
Global
	GlobalSection(SolutionConfigurationPlatforms) = preSolution
		Debug|Any CPU = Debug|Any CPU
		Release|Any CPU = Release|Any CPU
	EndGlobalSection
	GlobalSection(ProjectConfigurationPlatforms) = postSolution
		{B9454BC2-33C7-4F33-91B3-B2604E412D0C}.Debug|Any CPU.ActiveCfg = Debug|Any CPU
		{B9454BC2-33C7-4F33-91B3-B2604E412D0C}.Debug|Any CPU.Build.0 = Debug|Any CPU
		{B9454BC2-33C7-4F33-91B3-B2604E412D0C}.Release|Any CPU.ActiveCfg = Release|Any CPU
		{B9454BC2-33C7-4F33-91B3-B2604E412D0C}.Release|Any CPU.Build.0 = Release|Any CPU
		{5015B42D-F804-4CAF-82FC-F797F0732188}.Debug|Any CPU.ActiveCfg = Debug|Any CPU
		{5015B42D-F804-4CAF-82FC-F797F0732188}.Debug|Any CPU.Build.0 = Debug|Any CPU
		{5015B42D-F804-4CAF-82FC-F797F0732188}.Release|Any CPU.ActiveCfg = Release|Any CPU
		{5015B42D-F804-4CAF-82FC-F797F0732188}.Release|Any CPU.Build.0 = Release|Any CPU
	EndGlobalSection
	GlobalSection(SolutionProperties) = preSolution
		HideSolutionNode = FALSE
	EndGlobalSection
	GlobalSection(ExtensibilityGlobals) = postSolution
		SolutionGuid = {DAC3EA6B-378C-4C00-9DAA-7DDE1786D1DB}
	EndGlobalSection
EndGlobal
